// !$*UTF8*$!
{
	archiveVersion = 1;
	classes = {
	};
	objectVersion = 46;
	objects = {

/* Begin PBXBuildFile section */
		D31BE8BE1CF1424B00658741 /* SavingsTableController.swift in Sources */ = {isa = PBXBuildFile; fileRef = D31BE8BB1CF1424B00658741 /* SavingsTableController.swift */; };
		D31BE8BF1CF1424B00658741 /* Expense.swift in Sources */ = {isa = PBXBuildFile; fileRef = D31BE8BC1CF1424B00658741 /* Expense.swift */; };
		D31BE8C01CF1424B00658741 /* SavingsDetailViewController.swift in Sources */ = {isa = PBXBuildFile; fileRef = D31BE8BD1CF1424B00658741 /* SavingsDetailViewController.swift */; };
		D31BE8C21CFAC5B100658741 /* VCMapView.swift in Sources */ = {isa = PBXBuildFile; fileRef = D31BE8C11CFAC5B100658741 /* VCMapView.swift */; };
		D31BE8C51CFAF55A00658741 /* ExpenseAPI.swift in Sources */ = {isa = PBXBuildFile; fileRef = D31BE8C41CFAF55A00658741 /* ExpenseAPI.swift */; };
		D31BE8C71CFAF57200658741 /* SavingsAPI.swift in Sources */ = {isa = PBXBuildFile; fileRef = D31BE8C61CFAF57200658741 /* SavingsAPI.swift */; };
		D31BE8C91CFAF64300658741 /* ExpensePersistencyManager.swift in Sources */ = {isa = PBXBuildFile; fileRef = D31BE8C81CFAF64300658741 /* ExpensePersistencyManager.swift */; };
		D3528DB71D03ADC70030E15D /* Saving.swift in Sources */ = {isa = PBXBuildFile; fileRef = D3528DB61D03ADC70030E15D /* Saving.swift */; };
		D3528DB91D03ADEC0030E15D /* SavingDetail.swift in Sources */ = {isa = PBXBuildFile; fileRef = D3528DB81D03ADEC0030E15D /* SavingDetail.swift */; };
		D3528DBC1D0414D40030E15D /* SavingDetailCell.swift in Sources */ = {isa = PBXBuildFile; fileRef = D3528DBB1D0414D40030E15D /* SavingDetailCell.swift */; };
		D39AC1CC1CB3416A005071B6 /* AppDelegate.swift in Sources */ = {isa = PBXBuildFile; fileRef = D39AC1CB1CB3416A005071B6 /* AppDelegate.swift */; };
		D39AC1CE1CB3416A005071B6 /* ViewController.swift in Sources */ = {isa = PBXBuildFile; fileRef = D39AC1CD1CB3416A005071B6 /* ViewController.swift */; };
		D39AC1D11CB3416A005071B6 /* Main.storyboard in Resources */ = {isa = PBXBuildFile; fileRef = D39AC1CF1CB3416A005071B6 /* Main.storyboard */; };
		D39AC1D31CB3416A005071B6 /* Assets.xcassets in Resources */ = {isa = PBXBuildFile; fileRef = D39AC1D21CB3416A005071B6 /* Assets.xcassets */; };
		D39AC1D61CB3416A005071B6 /* LaunchScreen.storyboard in Resources */ = {isa = PBXBuildFile; fileRef = D39AC1D41CB3416A005071B6 /* LaunchScreen.storyboard */; };
		D39AC1E11CB3416B005071B6 /* PickACardTests.swift in Sources */ = {isa = PBXBuildFile; fileRef = D39AC1E01CB3416B005071B6 /* PickACardTests.swift */; };
		D39AC1EC1CB3416B005071B6 /* PickACardUITests.swift in Sources */ = {isa = PBXBuildFile; fileRef = D39AC1EB1CB3416B005071B6 /* PickACardUITests.swift */; };
		D39B936B1CB49626008F64EA /* Promotion.swift in Sources */ = {isa = PBXBuildFile; fileRef = D39B936A1CB49626008F64EA /* Promotion.swift */; };
		D9AD1D8C484E1B24F79D380C /* Pods.framework in Frameworks */ = {isa = PBXBuildFile; fileRef = 99F4FDA0F7B814D328B943E9 /* Pods.framework */; };
/* End PBXBuildFile section */

/* Begin PBXContainerItemProxy section */
		D39AC1DD1CB3416B005071B6 /* PBXContainerItemProxy */ = {
			isa = PBXContainerItemProxy;
			containerPortal = D39AC1C01CB34169005071B6 /* Project object */;
			proxyType = 1;
			remoteGlobalIDString = D39AC1C71CB3416A005071B6;
			remoteInfo = PickACard;
		};
		D39AC1E81CB3416B005071B6 /* PBXContainerItemProxy */ = {
			isa = PBXContainerItemProxy;
			containerPortal = D39AC1C01CB34169005071B6 /* Project object */;
			proxyType = 1;
			remoteGlobalIDString = D39AC1C71CB3416A005071B6;
			remoteInfo = PickACard;
		};
/* End PBXContainerItemProxy section */

/* Begin PBXFileReference section */
		99F4FDA0F7B814D328B943E9 /* Pods.framework */ = {isa = PBXFileReference; explicitFileType = wrapper.framework; includeInIndex = 0; path = Pods.framework; sourceTree = BUILT_PRODUCTS_DIR; };
		AA6F9A7DC5886F416D940FC5 /* Pods.debug.xcconfig */ = {isa = PBXFileReference; includeInIndex = 1; lastKnownFileType = text.xcconfig; name = Pods.debug.xcconfig; path = "Pods/Target Support Files/Pods/Pods.debug.xcconfig"; sourceTree = "<group>"; };
		ACF8915B0C99EC7668BC1B3B /* Pods.release.xcconfig */ = {isa = PBXFileReference; includeInIndex = 1; lastKnownFileType = text.xcconfig; name = Pods.release.xcconfig; path = "Pods/Target Support Files/Pods/Pods.release.xcconfig"; sourceTree = "<group>"; };
		D30129E31CD8727900AFE890 /* PickACard-Bridging-Header.h */ = {isa = PBXFileReference; lastKnownFileType = sourcecode.c.h; path = "PickACard-Bridging-Header.h"; sourceTree = "<group>"; };
		D31BE8BB1CF1424B00658741 /* SavingsTableController.swift */ = {isa = PBXFileReference; fileEncoding = 4; lastKnownFileType = sourcecode.swift; path = SavingsTableController.swift; sourceTree = "<group>"; };
		D31BE8BC1CF1424B00658741 /* Expense.swift */ = {isa = PBXFileReference; fileEncoding = 4; lastKnownFileType = sourcecode.swift; path = Expense.swift; sourceTree = "<group>"; };
		D31BE8BD1CF1424B00658741 /* SavingsDetailViewController.swift */ = {isa = PBXFileReference; fileEncoding = 4; lastKnownFileType = sourcecode.swift; path = SavingsDetailViewController.swift; sourceTree = "<group>"; };
		D31BE8C11CFAC5B100658741 /* VCMapView.swift */ = {isa = PBXFileReference; fileEncoding = 4; lastKnownFileType = sourcecode.swift; path = VCMapView.swift; sourceTree = "<group>"; };
		D31BE8C41CFAF55A00658741 /* ExpenseAPI.swift */ = {isa = PBXFileReference; fileEncoding = 4; lastKnownFileType = sourcecode.swift; path = ExpenseAPI.swift; sourceTree = "<group>"; };
		D31BE8C61CFAF57200658741 /* SavingsAPI.swift */ = {isa = PBXFileReference; fileEncoding = 4; lastKnownFileType = sourcecode.swift; path = SavingsAPI.swift; sourceTree = "<group>"; };
		D31BE8C81CFAF64300658741 /* ExpensePersistencyManager.swift */ = {isa = PBXFileReference; fileEncoding = 4; lastKnownFileType = sourcecode.swift; path = ExpensePersistencyManager.swift; sourceTree = "<group>"; };
		D3528DB61D03ADC70030E15D /* Saving.swift */ = {isa = PBXFileReference; fileEncoding = 4; lastKnownFileType = sourcecode.swift; path = Saving.swift; sourceTree = "<group>"; };
		D3528DB81D03ADEC0030E15D /* SavingDetail.swift */ = {isa = PBXFileReference; fileEncoding = 4; lastKnownFileType = sourcecode.swift; path = SavingDetail.swift; sourceTree = "<group>"; };
		D3528DBB1D0414D40030E15D /* SavingDetailCell.swift */ = {isa = PBXFileReference; fileEncoding = 4; lastKnownFileType = sourcecode.swift; path = SavingDetailCell.swift; sourceTree = "<group>"; };
		D39AC1C81CB3416A005071B6 /* PickACard.app */ = {isa = PBXFileReference; explicitFileType = wrapper.application; includeInIndex = 0; path = PickACard.app; sourceTree = BUILT_PRODUCTS_DIR; };
		D39AC1CB1CB3416A005071B6 /* AppDelegate.swift */ = {isa = PBXFileReference; lastKnownFileType = sourcecode.swift; path = AppDelegate.swift; sourceTree = "<group>"; };
		D39AC1CD1CB3416A005071B6 /* ViewController.swift */ = {isa = PBXFileReference; lastKnownFileType = sourcecode.swift; path = ViewController.swift; sourceTree = "<group>"; };
		D39AC1D01CB3416A005071B6 /* Base */ = {isa = PBXFileReference; lastKnownFileType = file.storyboard; name = Base; path = Base.lproj/Main.storyboard; sourceTree = "<group>"; };
		D39AC1D21CB3416A005071B6 /* Assets.xcassets */ = {isa = PBXFileReference; lastKnownFileType = folder.assetcatalog; path = Assets.xcassets; sourceTree = "<group>"; };
		D39AC1D51CB3416A005071B6 /* Base */ = {isa = PBXFileReference; lastKnownFileType = file.storyboard; name = Base; path = Base.lproj/LaunchScreen.storyboard; sourceTree = "<group>"; };
		D39AC1D71CB3416A005071B6 /* Info.plist */ = {isa = PBXFileReference; lastKnownFileType = text.plist.xml; path = Info.plist; sourceTree = "<group>"; };
		D39AC1DC1CB3416B005071B6 /* PickACardTests.xctest */ = {isa = PBXFileReference; explicitFileType = wrapper.cfbundle; includeInIndex = 0; path = PickACardTests.xctest; sourceTree = BUILT_PRODUCTS_DIR; };
		D39AC1E01CB3416B005071B6 /* PickACardTests.swift */ = {isa = PBXFileReference; lastKnownFileType = sourcecode.swift; path = PickACardTests.swift; sourceTree = "<group>"; };
		D39AC1E21CB3416B005071B6 /* Info.plist */ = {isa = PBXFileReference; lastKnownFileType = text.plist.xml; path = Info.plist; sourceTree = "<group>"; };
		D39AC1E71CB3416B005071B6 /* PickACardUITests.xctest */ = {isa = PBXFileReference; explicitFileType = wrapper.cfbundle; includeInIndex = 0; path = PickACardUITests.xctest; sourceTree = BUILT_PRODUCTS_DIR; };
		D39AC1EB1CB3416B005071B6 /* PickACardUITests.swift */ = {isa = PBXFileReference; lastKnownFileType = sourcecode.swift; path = PickACardUITests.swift; sourceTree = "<group>"; };
		D39AC1ED1CB3416B005071B6 /* Info.plist */ = {isa = PBXFileReference; lastKnownFileType = text.plist.xml; path = Info.plist; sourceTree = "<group>"; };
		D39B936A1CB49626008F64EA /* Promotion.swift */ = {isa = PBXFileReference; fileEncoding = 4; lastKnownFileType = sourcecode.swift; path = Promotion.swift; sourceTree = "<group>"; };
/* End PBXFileReference section */

/* Begin PBXFrameworksBuildPhase section */
		D39AC1C51CB3416A005071B6 /* Frameworks */ = {
			isa = PBXFrameworksBuildPhase;
			buildActionMask = 2147483647;
			files = (
				D9AD1D8C484E1B24F79D380C /* Pods.framework in Frameworks */,
			);
			runOnlyForDeploymentPostprocessing = 0;
		};
		D39AC1D91CB3416B005071B6 /* Frameworks */ = {
			isa = PBXFrameworksBuildPhase;
			buildActionMask = 2147483647;
			files = (
			);
			runOnlyForDeploymentPostprocessing = 0;
		};
		D39AC1E41CB3416B005071B6 /* Frameworks */ = {
			isa = PBXFrameworksBuildPhase;
			buildActionMask = 2147483647;
			files = (
			);
			runOnlyForDeploymentPostprocessing = 0;
		};
/* End PBXFrameworksBuildPhase section */

/* Begin PBXGroup section */
		CB4784481DF49A6AA12439CE /* Frameworks */ = {
			isa = PBXGroup;
			children = (
				99F4FDA0F7B814D328B943E9 /* Pods.framework */,
			);
			name = Frameworks;
			sourceTree = "<group>";
		};
		D30129E61CD8735000AFE890 /* Controllers */ = {
			isa = PBXGroup;
			children = (
				D31BE8BB1CF1424B00658741 /* SavingsTableController.swift */,
				D31BE8BD1CF1424B00658741 /* SavingsDetailViewController.swift */,
				D39AC1CD1CB3416A005071B6 /* ViewController.swift */,
				D31BE8C11CFAC5B100658741 /* VCMapView.swift */,
			);
			name = Controllers;
			sourceTree = "<group>";
		};
		D30129E91CD8B5CB00AFE890 /* Models */ = {
			isa = PBXGroup;
			children = (
				D39B936A1CB49626008F64EA /* Promotion.swift */,
				D31BE8BC1CF1424B00658741 /* Expense.swift */,
				D3528DB61D03ADC70030E15D /* Saving.swift */,
				D3528DB81D03ADEC0030E15D /* SavingDetail.swift */,
			);
			name = Models;
			sourceTree = "<group>";
		};
		D31BE8C31CFAF4DC00658741 /* API */ = {
			isa = PBXGroup;
			children = (
				D31BE8C41CFAF55A00658741 /* ExpenseAPI.swift */,
				D31BE8C61CFAF57200658741 /* SavingsAPI.swift */,
				D31BE8C81CFAF64300658741 /* ExpensePersistencyManager.swift */,
			);
			name = API;
			sourceTree = "<group>";
		};
		D3528DBA1D04147C0030E15D /* Customized */ = {
			isa = PBXGroup;
			children = (
				D3528DBB1D0414D40030E15D /* SavingDetailCell.swift */,
			);
			name = Customized;
			sourceTree = "<group>";
		};
		D39AC1BF1CB34169005071B6 = {
			isa = PBXGroup;
			children = (
				D39AC1CA1CB3416A005071B6 /* PickACard */,
				D39AC1DF1CB3416B005071B6 /* PickACardTests */,
				D39AC1EA1CB3416B005071B6 /* PickACardUITests */,
				D39AC1C91CB3416A005071B6 /* Products */,
				FB6C48E293401B56A92962E3 /* Pods */,
				CB4784481DF49A6AA12439CE /* Frameworks */,
			);
			sourceTree = "<group>";
		};
		D39AC1C91CB3416A005071B6 /* Products */ = {
			isa = PBXGroup;
			children = (
				D39AC1C81CB3416A005071B6 /* PickACard.app */,
				D39AC1DC1CB3416B005071B6 /* PickACardTests.xctest */,
				D39AC1E71CB3416B005071B6 /* PickACardUITests.xctest */,
			);
			name = Products;
			sourceTree = "<group>";
		};
		D39AC1CA1CB3416A005071B6 /* PickACard */ = {
			isa = PBXGroup;
			children = (
				D3528DBA1D04147C0030E15D /* Customized */,
				D31BE8C31CFAF4DC00658741 /* API */,
				D30129E91CD8B5CB00AFE890 /* Models */,
				D30129E61CD8735000AFE890 /* Controllers */,
				D39AC1CB1CB3416A005071B6 /* AppDelegate.swift */,
				D39AC1CF1CB3416A005071B6 /* Main.storyboard */,
				D39AC1D21CB3416A005071B6 /* Assets.xcassets */,
				D39AC1D41CB3416A005071B6 /* LaunchScreen.storyboard */,
				D39AC1D71CB3416A005071B6 /* Info.plist */,
				D30129E31CD8727900AFE890 /* PickACard-Bridging-Header.h */,
			);
			path = PickACard;
			sourceTree = "<group>";
		};
		D39AC1DF1CB3416B005071B6 /* PickACardTests */ = {
			isa = PBXGroup;
			children = (
				D39AC1E01CB3416B005071B6 /* PickACardTests.swift */,
				D39AC1E21CB3416B005071B6 /* Info.plist */,
			);
			path = PickACardTests;
			sourceTree = "<group>";
		};
		D39AC1EA1CB3416B005071B6 /* PickACardUITests */ = {
			isa = PBXGroup;
			children = (
				D39AC1EB1CB3416B005071B6 /* PickACardUITests.swift */,
				D39AC1ED1CB3416B005071B6 /* Info.plist */,
			);
			path = PickACardUITests;
			sourceTree = "<group>";
		};
		FB6C48E293401B56A92962E3 /* Pods */ = {
			isa = PBXGroup;
			children = (
				AA6F9A7DC5886F416D940FC5 /* Pods.debug.xcconfig */,
				ACF8915B0C99EC7668BC1B3B /* Pods.release.xcconfig */,
			);
			name = Pods;
			sourceTree = "<group>";
		};
/* End PBXGroup section */

/* Begin PBXNativeTarget section */
		D39AC1C71CB3416A005071B6 /* PickACard */ = {
			isa = PBXNativeTarget;
			buildConfigurationList = D39AC1F01CB3416B005071B6 /* Build configuration list for PBXNativeTarget "PickACard" */;
			buildPhases = (
				8D2A63CE0CE0A4F0F48222BC /* Check Pods Manifest.lock */,
				D39AC1C41CB3416A005071B6 /* Sources */,
				D39AC1C51CB3416A005071B6 /* Frameworks */,
				D39AC1C61CB3416A005071B6 /* Resources */,
				981D6E5135191CED4B29F446 /* Embed Pods Frameworks */,
				FA197E5F66A21E433556F365 /* Copy Pods Resources */,
			);
			buildRules = (
			);
			dependencies = (
			);
			name = PickACard;
			productName = PickACard;
			productReference = D39AC1C81CB3416A005071B6 /* PickACard.app */;
			productType = "com.apple.product-type.application";
		};
		D39AC1DB1CB3416B005071B6 /* PickACardTests */ = {
			isa = PBXNativeTarget;
			buildConfigurationList = D39AC1F31CB3416B005071B6 /* Build configuration list for PBXNativeTarget "PickACardTests" */;
			buildPhases = (
				D39AC1D81CB3416B005071B6 /* Sources */,
				D39AC1D91CB3416B005071B6 /* Frameworks */,
				D39AC1DA1CB3416B005071B6 /* Resources */,
			);
			buildRules = (
			);
			dependencies = (
				D39AC1DE1CB3416B005071B6 /* PBXTargetDependency */,
			);
			name = PickACardTests;
			productName = PickACardTests;
			productReference = D39AC1DC1CB3416B005071B6 /* PickACardTests.xctest */;
			productType = "com.apple.product-type.bundle.unit-test";
		};
		D39AC1E61CB3416B005071B6 /* PickACardUITests */ = {
			isa = PBXNativeTarget;
			buildConfigurationList = D39AC1F61CB3416B005071B6 /* Build configuration list for PBXNativeTarget "PickACardUITests" */;
			buildPhases = (
				D39AC1E31CB3416B005071B6 /* Sources */,
				D39AC1E41CB3416B005071B6 /* Frameworks */,
				D39AC1E51CB3416B005071B6 /* Resources */,
			);
			buildRules = (
			);
			dependencies = (
				D39AC1E91CB3416B005071B6 /* PBXTargetDependency */,
			);
			name = PickACardUITests;
			productName = PickACardUITests;
			productReference = D39AC1E71CB3416B005071B6 /* PickACardUITests.xctest */;
			productType = "com.apple.product-type.bundle.ui-testing";
		};
/* End PBXNativeTarget section */

/* Begin PBXProject section */
		D39AC1C01CB34169005071B6 /* Project object */ = {
			isa = PBXProject;
			attributes = {
				LastSwiftUpdateCheck = 0720;
				LastUpgradeCheck = 0720;
				ORGANIZATIONNAME = GraceHou;
				TargetAttributes = {
					D39AC1C71CB3416A005071B6 = {
						CreatedOnToolsVersion = 7.2.1;
					};
					D39AC1DB1CB3416B005071B6 = {
						CreatedOnToolsVersion = 7.2.1;
						TestTargetID = D39AC1C71CB3416A005071B6;
					};
					D39AC1E61CB3416B005071B6 = {
						CreatedOnToolsVersion = 7.2.1;
						TestTargetID = D39AC1C71CB3416A005071B6;
					};
				};
			};
			buildConfigurationList = D39AC1C31CB34169005071B6 /* Build configuration list for PBXProject "PickACard" */;
			compatibilityVersion = "Xcode 3.2";
			developmentRegion = English;
			hasScannedForEncodings = 0;
			knownRegions = (
				en,
				Base,
			);
			mainGroup = D39AC1BF1CB34169005071B6;
			productRefGroup = D39AC1C91CB3416A005071B6 /* Products */;
			projectDirPath = "";
			projectRoot = "";
			targets = (
				D39AC1C71CB3416A005071B6 /* PickACard */,
				D39AC1DB1CB3416B005071B6 /* PickACardTests */,
				D39AC1E61CB3416B005071B6 /* PickACardUITests */,
			);
		};
/* End PBXProject section */

/* Begin PBXResourcesBuildPhase section */
		D39AC1C61CB3416A005071B6 /* Resources */ = {
			isa = PBXResourcesBuildPhase;
			buildActionMask = 2147483647;
			files = (
				D39AC1D61CB3416A005071B6 /* LaunchScreen.storyboard in Resources */,
				D39AC1D31CB3416A005071B6 /* Assets.xcassets in Resources */,
				D39AC1D11CB3416A005071B6 /* Main.storyboard in Resources */,
			);
			runOnlyForDeploymentPostprocessing = 0;
		};
		D39AC1DA1CB3416B005071B6 /* Resources */ = {
			isa = PBXResourcesBuildPhase;
			buildActionMask = 2147483647;
			files = (
			);
			runOnlyForDeploymentPostprocessing = 0;
		};
		D39AC1E51CB3416B005071B6 /* Resources */ = {
			isa = PBXResourcesBuildPhase;
			buildActionMask = 2147483647;
			files = (
			);
			runOnlyForDeploymentPostprocessing = 0;
		};
/* End PBXResourcesBuildPhase section */

/* Begin PBXShellScriptBuildPhase section */
		8D2A63CE0CE0A4F0F48222BC /* Check Pods Manifest.lock */ = {
			isa = PBXShellScriptBuildPhase;
			buildActionMask = 2147483647;
			files = (
			);
			inputPaths = (
			);
			name = "Check Pods Manifest.lock";
			outputPaths = (
			);
			runOnlyForDeploymentPostprocessing = 0;
			shellPath = /bin/sh;
			shellScript = "diff \"${PODS_ROOT}/../Podfile.lock\" \"${PODS_ROOT}/Manifest.lock\" > /dev/null\nif [[ $? != 0 ]] ; then\n    cat << EOM\nerror: The sandbox is not in sync with the Podfile.lock. Run 'pod install' or update your CocoaPods installation.\nEOM\n    exit 1\nfi\n";
			showEnvVarsInLog = 0;
		};
		981D6E5135191CED4B29F446 /* Embed Pods Frameworks */ = {
			isa = PBXShellScriptBuildPhase;
			buildActionMask = 2147483647;
			files = (
			);
			inputPaths = (
			);
			name = "Embed Pods Frameworks";
			outputPaths = (
			);
			runOnlyForDeploymentPostprocessing = 0;
			shellPath = /bin/sh;
			shellScript = "\"${SRCROOT}/Pods/Target Support Files/Pods/Pods-frameworks.sh\"\n";
			showEnvVarsInLog = 0;
		};
		FA197E5F66A21E433556F365 /* Copy Pods Resources */ = {
			isa = PBXShellScriptBuildPhase;
			buildActionMask = 2147483647;
			files = (
			);
			inputPaths = (
			);
			name = "Copy Pods Resources";
			outputPaths = (
			);
			runOnlyForDeploymentPostprocessing = 0;
			shellPath = /bin/sh;
			shellScript = "\"${SRCROOT}/Pods/Target Support Files/Pods/Pods-resources.sh\"\n";
			showEnvVarsInLog = 0;
		};
/* End PBXShellScriptBuildPhase section */

/* Begin PBXSourcesBuildPhase section */
		D39AC1C41CB3416A005071B6 /* Sources */ = {
			isa = PBXSourcesBuildPhase;
			buildActionMask = 2147483647;
			files = (
				D3528DB91D03ADEC0030E15D /* SavingDetail.swift in Sources */,
				D31BE8C01CF1424B00658741 /* SavingsDetailViewController.swift in Sources */,
				D31BE8BF1CF1424B00658741 /* Expense.swift in Sources */,
				D31BE8C91CFAF64300658741 /* ExpensePersistencyManager.swift in Sources */,
				D39AC1CE1CB3416A005071B6 /* ViewController.swift in Sources */,
				D39AC1CC1CB3416A005071B6 /* AppDelegate.swift in Sources */,
				D3528DBC1D0414D40030E15D /* SavingDetailCell.swift in Sources */,
				D39B936B1CB49626008F64EA /* Promotion.swift in Sources */,
				D31BE8C51CFAF55A00658741 /* ExpenseAPI.swift in Sources */,
				D31BE8C71CFAF57200658741 /* SavingsAPI.swift in Sources */,
				D31BE8C21CFAC5B100658741 /* VCMapView.swift in Sources */,
				D31BE8BE1CF1424B00658741 /* SavingsTableController.swift in Sources */,
				D3528DB71D03ADC70030E15D /* Saving.swift in Sources */,
			);
			runOnlyForDeploymentPostprocessing = 0;
		};
		D39AC1D81CB3416B005071B6 /* Sources */ = {
			isa = PBXSourcesBuildPhase;
			buildActionMask = 2147483647;
			files = (
				D39AC1E11CB3416B005071B6 /* PickACardTests.swift in Sources */,
			);
			runOnlyForDeploymentPostprocessing = 0;
		};
		D39AC1E31CB3416B005071B6 /* Sources */ = {
			isa = PBXSourcesBuildPhase;
			buildActionMask = 2147483647;
			files = (
				D39AC1EC1CB3416B005071B6 /* PickACardUITests.swift in Sources */,
			);
			runOnlyForDeploymentPostprocessing = 0;
		};
/* End PBXSourcesBuildPhase section */

/* Begin PBXTargetDependency section */
		D39AC1DE1CB3416B005071B6 /* PBXTargetDependency */ = {
			isa = PBXTargetDependency;
			target = D39AC1C71CB3416A005071B6 /* PickACard */;
			targetProxy = D39AC1DD1CB3416B005071B6 /* PBXContainerItemProxy */;
		};
		D39AC1E91CB3416B005071B6 /* PBXTargetDependency */ = {
			isa = PBXTargetDependency;
			target = D39AC1C71CB3416A005071B6 /* PickACard */;
			targetProxy = D39AC1E81CB3416B005071B6 /* PBXContainerItemProxy */;
		};
/* End PBXTargetDependency section */

/* Begin PBXVariantGroup section */
		D39AC1CF1CB3416A005071B6 /* Main.storyboard */ = {
			isa = PBXVariantGroup;
			children = (
				D39AC1D01CB3416A005071B6 /* Base */,
			);
			name = Main.storyboard;
			sourceTree = "<group>";
		};
		D39AC1D41CB3416A005071B6 /* LaunchScreen.storyboard */ = {
			isa = PBXVariantGroup;
			children = (
				D39AC1D51CB3416A005071B6 /* Base */,
			);
			name = LaunchScreen.storyboard;
			sourceTree = "<group>";
		};
/* End PBXVariantGroup section */

/* Begin XCBuildConfiguration section */
		D39AC1EE1CB3416B005071B6 /* Debug */ = {
			isa = XCBuildConfiguration;
			buildSettings = {
				ALWAYS_SEARCH_USER_PATHS = NO;
				CLANG_CXX_LANGUAGE_STANDARD = "gnu++0x";
				CLANG_CXX_LIBRARY = "libc++";
				CLANG_ENABLE_MODULES = YES;
				CLANG_ENABLE_OBJC_ARC = YES;
				CLANG_WARN_BOOL_CONVERSION = YES;
				CLANG_WARN_CONSTANT_CONVERSION = YES;
				CLANG_WARN_DIRECT_OBJC_ISA_USAGE = YES_ERROR;
				CLANG_WARN_EMPTY_BODY = YES;
				CLANG_WARN_ENUM_CONVERSION = YES;
				CLANG_WARN_INT_CONVERSION = YES;
				CLANG_WARN_OBJC_ROOT_CLASS = YES_ERROR;
				CLANG_WARN_UNREACHABLE_CODE = YES;
				CLANG_WARN__DUPLICATE_METHOD_MATCH = YES;
				"CODE_SIGN_IDENTITY[sdk=iphoneos*]" = "iPhone Developer";
				COPY_PHASE_STRIP = NO;
				DEBUG_INFORMATION_FORMAT = dwarf;
				ENABLE_STRICT_OBJC_MSGSEND = YES;
				ENABLE_TESTABILITY = YES;
				GCC_C_LANGUAGE_STANDARD = gnu99;
				GCC_DYNAMIC_NO_PIC = NO;
				GCC_NO_COMMON_BLOCKS = YES;
				GCC_OPTIMIZATION_LEVEL = 0;
				GCC_PREPROCESSOR_DEFINITIONS = (
					"DEBUG=1",
					"$(inherited)",
				);
				GCC_WARN_64_TO_32_BIT_CONVERSION = YES;
				GCC_WARN_ABOUT_RETURN_TYPE = YES_ERROR;
				GCC_WARN_UNDECLARED_SELECTOR = YES;
				GCC_WARN_UNINITIALIZED_AUTOS = YES_AGGRESSIVE;
				GCC_WARN_UNUSED_FUNCTION = YES;
				GCC_WARN_UNUSED_VARIABLE = YES;
				IPHONEOS_DEPLOYMENT_TARGET = 9.2;
				MTL_ENABLE_DEBUG_INFO = YES;
				ONLY_ACTIVE_ARCH = YES;
				SDKROOT = iphoneos;
				SWIFT_OPTIMIZATION_LEVEL = "-Onone";
			};
			name = Debug;
		};
		D39AC1EF1CB3416B005071B6 /* Release */ = {
			isa = XCBuildConfiguration;
			buildSettings = {
				ALWAYS_SEARCH_USER_PATHS = NO;
				CLANG_CXX_LANGUAGE_STANDARD = "gnu++0x";
				CLANG_CXX_LIBRARY = "libc++";
				CLANG_ENABLE_MODULES = YES;
				CLANG_ENABLE_OBJC_ARC = YES;
				CLANG_WARN_BOOL_CONVERSION = YES;
				CLANG_WARN_CONSTANT_CONVERSION = YES;
				CLANG_WARN_DIRECT_OBJC_ISA_USAGE = YES_ERROR;
				CLANG_WARN_EMPTY_BODY = YES;
				CLANG_WARN_ENUM_CONVERSION = YES;
				CLANG_WARN_INT_CONVERSION = YES;
				CLANG_WARN_OBJC_ROOT_CLASS = YES_ERROR;
				CLANG_WARN_UNREACHABLE_CODE = YES;
				CLANG_WARN__DUPLICATE_METHOD_MATCH = YES;
				"CODE_SIGN_IDENTITY[sdk=iphoneos*]" = "iPhone Developer";
				COPY_PHASE_STRIP = NO;
				DEBUG_INFORMATION_FORMAT = "dwarf-with-dsym";
				ENABLE_NS_ASSERTIONS = NO;
				ENABLE_STRICT_OBJC_MSGSEND = YES;
				GCC_C_LANGUAGE_STANDARD = gnu99;
				GCC_NO_COMMON_BLOCKS = YES;
				GCC_WARN_64_TO_32_BIT_CONVERSION = YES;
				GCC_WARN_ABOUT_RETURN_TYPE = YES_ERROR;
				GCC_WARN_UNDECLARED_SELECTOR = YES;
				GCC_WARN_UNINITIALIZED_AUTOS = YES_AGGRESSIVE;
				GCC_WARN_UNUSED_FUNCTION = YES;
				GCC_WARN_UNUSED_VARIABLE = YES;
				IPHONEOS_DEPLOYMENT_TARGET = 9.2;
				MTL_ENABLE_DEBUG_INFO = NO;
				SDKROOT = iphoneos;
				VALIDATE_PRODUCT = YES;
			};
			name = Release;
		};
		D39AC1F11CB3416B005071B6 /* Debug */ = {
			isa = XCBuildConfiguration;
			baseConfigurationReference = AA6F9A7DC5886F416D940FC5 /* Pods.debug.xcconfig */;
			buildSettings = {
				ASSETCATALOG_COMPILER_APPICON_NAME = AppIcon;
				CLANG_ENABLE_MODULES = YES;
				INFOPLIST_FILE = PickACard/Info.plist;
				LD_RUNPATH_SEARCH_PATHS = "$(inherited) @executable_path/Frameworks";
				PRODUCT_BUNDLE_IDENTIFIER = GraceHou.PickACard;
				PRODUCT_NAME = "$(TARGET_NAME)";
				SWIFT_OBJC_BRIDGING_HEADER = "PickACard/PickACard-Bridging-Header.h";
				SWIFT_OPTIMIZATION_LEVEL = "-Onone";
			};
			name = Debug;
		};
		D39AC1F21CB3416B005071B6 /* Release */ = {
			isa = XCBuildConfiguration;
			baseConfigurationReference = ACF8915B0C99EC7668BC1B3B /* Pods.release.xcconfig */;
			buildSettings = {
				ASSETCATALOG_COMPILER_APPICON_NAME = AppIcon;
				CLANG_ENABLE_MODULES = YES;
				INFOPLIST_FILE = PickACard/Info.plist;
				LD_RUNPATH_SEARCH_PATHS = "$(inherited) @executable_path/Frameworks";
				PRODUCT_BUNDLE_IDENTIFIER = GraceHou.PickACard;
				PRODUCT_NAME = "$(TARGET_NAME)";
				SWIFT_OBJC_BRIDGING_HEADER = "PickACard/PickACard-Bridging-Header.h";
			};
			name = Release;
		};
		D39AC1F41CB3416B005071B6 /* Debug */ = {
			isa = XCBuildConfiguration;
			buildSettings = {
				BUNDLE_LOADER = "$(TEST_HOST)";
				INFOPLIST_FILE = PickACardTests/Info.plist;
				LD_RUNPATH_SEARCH_PATHS = "$(inherited) @executable_path/Frameworks @loader_path/Frameworks";
				PRODUCT_BUNDLE_IDENTIFIER = GraceHou.PickACardTests;
				PRODUCT_NAME = "$(TARGET_NAME)";
				TEST_HOST = "$(BUILT_PRODUCTS_DIR)/PickACard.app/PickACard";
			};
			name = Debug;
		};
		D39AC1F51CB3416B005071B6 /* Release */ = {
			isa = XCBuildConfiguration;
			buildSettings = {
				BUNDLE_LOADER = "$(TEST_HOST)";
				INFOPLIST_FILE = PickACardTests/Info.plist;
				LD_RUNPATH_SEARCH_PATHS = "$(inherited) @executable_path/Frameworks @loader_path/Frameworks";
				PRODUCT_BUNDLE_IDENTIFIER = GraceHou.PickACardTests;
				PRODUCT_NAME = "$(TARGET_NAME)";
				TEST_HOST = "$(BUILT_PRODUCTS_DIR)/PickACard.app/PickACard";
			};
			name = Release;
		};
		D39AC1F71CB3416B005071B6 /* Debug */ = {
			isa = XCBuildConfiguration;
			buildSettings = {
				INFOPLIST_FILE = PickACardUITests/Info.plist;
				LD_RUNPATH_SEARCH_PATHS = "$(inherited) @executable_path/Frameworks @loader_path/Frameworks";
				PRODUCT_BUNDLE_IDENTIFIER = GraceHou.PickACardUITests;
				PRODUCT_NAME = "$(TARGET_NAME)";
				TEST_TARGET_NAME = PickACard;
				USES_XCTRUNNER = YES;
			};
			name = Debug;
		};
		D39AC1F81CB3416B005071B6 /* Release */ = {
			isa = XCBuildConfiguration;
			buildSettings = {
				INFOPLIST_FILE = PickACardUITests/Info.plist;
				LD_RUNPATH_SEARCH_PATHS = "$(inherited) @executable_path/Frameworks @loader_path/Frameworks";
				PRODUCT_BUNDLE_IDENTIFIER = GraceHou.PickACardUITests;
				PRODUCT_NAME = "$(TARGET_NAME)";
				TEST_TARGET_NAME = PickACard;
				USES_XCTRUNNER = YES;
			};
			name = Release;
		};
/* End XCBuildConfiguration section */

/* Begin XCConfigurationList section */
		D39AC1C31CB34169005071B6 /* Build configuration list for PBXProject "PickACard" */ = {
			isa = XCConfigurationList;
			buildConfigurations = (
				D39AC1EE1CB3416B005071B6 /* Debug */,
				D39AC1EF1CB3416B005071B6 /* Release */,
			);
			defaultConfigurationIsVisible = 0;
			defaultConfigurationName = Release;
		};
		D39AC1F01CB3416B005071B6 /* Build configuration list for PBXNativeTarget "PickACard" */ = {
			isa = XCConfigurationList;
			buildConfigurations = (
				D39AC1F11CB3416B005071B6 /* Debug */,
				D39AC1F21CB3416B005071B6 /* Release */,
			);
			defaultConfigurationIsVisible = 0;
			defaultConfigurationName = Release;
		};
		D39AC1F31CB3416B005071B6 /* Build configuration list for PBXNativeTarget "PickACardTests" */ = {
			isa = XCConfigurationList;
			buildConfigurations = (
				D39AC1F41CB3416B005071B6 /* Debug */,
				D39AC1F51CB3416B005071B6 /* Release */,
			);
			defaultConfigurationIsVisible = 0;
			defaultConfigurationName = Release;
		};
		D39AC1F61CB3416B005071B6 /* Build configuration list for PBXNativeTarget "PickACardUITests" */ = {
			isa = XCConfigurationList;
			buildConfigurations = (
				D39AC1F71CB3416B005071B6 /* Debug */,
				D39AC1F81CB3416B005071B6 /* Release */,
			);
			defaultConfigurationIsVisible = 0;
			defaultConfigurationName = Release;
		};
/* End XCConfigurationList section */
	};
	rootObject = D39AC1C01CB34169005071B6 /* Project object */;
}
